<?xml version="1.0" encoding="utf-8"?>
<Project ToolsVersion="4.0" xmlns="http://schemas.microsoft.com/developer/msbuild/2003">
  <ItemGroup>
    <Filter Include="Source Files">
      <UniqueIdentifier>{4FC737F1-C7A5-4376-A066-2A32D752A2FF}</UniqueIdentifier>
      <Extensions>cpp;c;cc;cxx;def;odl;idl;hpj;bat;asm;asmx</Extensions>
    </Filter>
    <Filter Include="Header Files">
      <UniqueIdentifier>{93995380-89BD-4b04-88EB-625FBE52EBFB}</UniqueIdentifier>
      <Extensions>h;hpp;hxx;hm;inl;inc;xsd</Extensions>
    </Filter>
    <Filter Include="Resource Files">
      <UniqueIdentifier>{67DA6AB6-F800-4c08-8B7A-83BB121AAD01}</UniqueIdentifier>
      <Extensions>rc;ico;cur;bmp;dlg;rc2;rct;bin;rgs;gif;jpg;jpeg;jpe;resx;tiff;tif;png;wav;mfcribbon-ms</Extensions>
    </Filter>
    <Filter Include="Source Files\Model">
      <UniqueIdentifier>{175ef314-36f4-463f-8a6e-af165f5a85ea}</UniqueIdentifier>
    </Filter>
    <Filter Include="Header Files\Model">
      <UniqueIdentifier>{a7cc6111-a255-4d5c-98ac-3abf9848e232}</UniqueIdentifier>
    </Filter>
    <Filter Include="Header Files\Model\States">
      <UniqueIdentifier>{83156f5a-a2ac-4964-a929-3265a8363f79}</UniqueIdentifier>
    </Filter>
    <Filter Include="Source Files\Model\States">
      <UniqueIdentifier>{cd621b7c-b3aa-440e-b05c-9a47a0127e8d}</UniqueIdentifier>
    </Filter>
    <Filter Include="Header Files\View">
      <UniqueIdentifier>{3f6da59a-4549-4699-8bc5-aa95da45a2f9}</UniqueIdentifier>
    </Filter>
    <Filter Include="Source Files\View">
      <UniqueIdentifier>{64114b5f-bb86-415a-b785-4b95bc9498e9}</UniqueIdentifier>
    </Filter>
    <Filter Include="Source Files\Model\EntityStates">
      <UniqueIdentifier>{c6dd3031-f9c2-48a6-b64a-926a14cc3fee}</UniqueIdentifier>
    </Filter>
    <Filter Include="Header Files\Model\EntityStates">
      <UniqueIdentifier>{9e0b362e-bbc4-4985-9900-f7fcbb227907}</UniqueIdentifier>
    </Filter>
  </ItemGroup>
  <ItemGroup>
    <ClCompile Include="GameStateManager.cpp">
      <Filter>Source Files\Model\States</Filter>
    </ClCompile>
    <ClCompile Include="IGameState.cpp">
      <Filter>Source Files\Model\States</Filter>
    </ClCompile>
    <ClCompile Include="GraphState.cpp">
      <Filter>Source Files\Model\States</Filter>
    </ClCompile>
    <ClCompile Include="MySDL.cpp">
      <Filter>Source Files\View</Filter>
    </ClCompile>
    <ClCompile Include="Graph.cpp">
      <Filter>Source Files\Model</Filter>
    </ClCompile>
    <ClCompile Include="Main.cpp">
      <Filter>Source Files</Filter>
    </ClCompile>
    <ClCompile Include="Vertex.cpp">
      <Filter>Source Files\Model</Filter>
    </ClCompile>
    <ClCompile Include="Edge.cpp">
      <Filter>Source Files\Model</Filter>
    </ClCompile>
    <ClCompile Include="Entity.cpp">
      <Filter>Source Files\Model</Filter>
    </ClCompile>
    <ClCompile Include="Cow.cpp">
      <Filter>Source Files\Model</Filter>
    </ClCompile>
    <ClCompile Include="Rabbit.cpp">
      <Filter>Source Files\Model</Filter>
    </ClCompile>
    <ClCompile Include="WanderingState.cpp">
      <Filter>Source Files\Model\EntityStates</Filter>
    </ClCompile>
    <ClCompile Include="CowOwnedStates.cpp">
      <Filter>Source Files\Model\EntityStates</Filter>
    </ClCompile>
    <ClCompile Include="RabbitOwnedStates.cpp">
      <Filter>Source Files\Model\EntityStates</Filter>
    </ClCompile>
  </ItemGroup>
  <ItemGroup>
    <ClInclude Include="Main.h">
      <Filter>Header Files</Filter>
    </ClInclude>
    <ClInclude Include="GameStateManager.h">
      <Filter>Header Files\Model\States</Filter>
    </ClInclude>
    <ClInclude Include="IGameState.h">
      <Filter>Header Files\Model\States</Filter>
    </ClInclude>
    <ClInclude Include="GraphState.h">
      <Filter>Header Files\Model\States</Filter>
    </ClInclude>
    <ClInclude Include="MySDL.h">
      <Filter>Header Files\View</Filter>
    </ClInclude>
    <ClInclude Include="Graph.h">
      <Filter>Header Files\Model</Filter>
    </ClInclude>
    <ClInclude Include="Vertex.h">
      <Filter>Header Files\Model</Filter>
    </ClInclude>
    <ClInclude Include="Edge.h">
      <Filter>Header Files\Model</Filter>
    </ClInclude>
    <ClInclude Include="Entity.h">
      <Filter>Header Files\Model</Filter>
    </ClInclude>
    <ClInclude Include="Cow.h">
      <Filter>Header Files\Model</Filter>
    </ClInclude>
    <ClInclude Include="WanderingState.h">
      <Filter>Header Files\Model\EntityStates</Filter>
    </ClInclude>
    <ClInclude Include="Rabbit.h">
      <Filter>Header Files\Model</Filter>
    </ClInclude>
    <ClInclude Include="StateMachine.h">
      <Filter>Header Files\Model\EntityStates</Filter>
    </ClInclude>
    <ClInclude Include="State.h">
      <Filter>Header Files\Model\EntityStates</Filter>
    </ClInclude>
    <ClInclude Include="CowOwnedStates.h">
      <Filter>Header Files\Model\EntityStates</Filter>
    </ClInclude>
    <ClInclude Include="RabbitOwnedStates.h">
      <Filter>Header Files\Model\EntityStates</Filter>
    </ClInclude>
  </ItemGroup>
</Project>